
Microsoft Visual Studio Solution File, Format Version 12.00
# Visual Studio Version 16
VisualStudioVersion = 16.0.30503.244
MinimumVisualStudioVersion = 10.0.40219.1
Project("{FAE04EC0-301F-11D3-BF4B-00C04F79EFBC}") = "DecoupledControllersWithApiEndpoints", "DecoupledControllersWithApiEndpoints.csproj", "{0C7DB87D-72B4-4B83-92F6-6398CECD979A}"
EndProject
Global
	GlobalSection(SolutionConfigurationPlatforms) = preSolution
		Debug|Any CPU = Debug|Any CPU
		Release|Any CPU = Release|Any CPU
	EndGlobalSection
	GlobalSection(ProjectConfigurationPlatforms) = postSolution
		{0C7DB87D-72B4-4B83-92F6-6398CECD979A}.Debug|Any CPU.ActiveCfg = Debug|Any CPU
		{0C7DB87D-72B4-4B83-92F6-6398CECD979A}.Debug|Any CPU.Build.0 = Debug|Any CPU
		{0C7DB87D-72B4-4B83-92F6-6398CECD979A}.Release|Any CPU.ActiveCfg = Release|Any CPU
		{0C7DB87D-72B4-4B83-92F6-6398CECD979A}.Release|Any CPU.Build.0 = Release|Any CPU
	EndGlobalSection
	GlobalSection(SolutionProperties) = preSolution
		HideSolutionNode = FALSE
	EndGlobalSection
	GlobalSection(ExtensibilityGlobals) = postSolution
		SolutionGuid = {9E98B2C7-88B5-4D76-819E-24C647A05F88}
	EndGlobalSection
EndGlobal
